
Microsoft Visual Studio Solution File, Format Version 12.00
# Visual Studio Version 17
VisualStudioVersion = 17.5.33627.172
MinimumVisualStudioVersion = 10.0.40219.1
Project("{FAE04EC0-301F-11D3-BF4B-00C04F79EFBC}") = "NetCore5WebAPI", "NetCore5WebAPI\NetCore5WebAPI.csproj", "{2AA486AC-C890-42B8-9B15-E77680C2A1DE}"
EndProject
Global
	GlobalSection(SolutionConfigurationPlatforms) = preSolution
		Debug|Any CPU = Debug|Any CPU
		Release|Any CPU = Release|Any CPU
	EndGlobalSection
	GlobalSection(ProjectConfigurationPlatforms) = postSolution
		{2AA486AC-C890-42B8-9B15-E77680C2A1DE}.Debug|Any CPU.ActiveCfg = Debug|Any CPU
		{2AA486AC-C890-42B8-9B15-E77680C2A1DE}.Debug|Any CPU.Build.0 = Debug|Any CPU
		{2AA486AC-C890-42B8-9B15-E77680C2A1DE}.Release|Any CPU.ActiveCfg = Release|Any CPU
		{2AA486AC-C890-42B8-9B15-E77680C2A1DE}.Release|Any CPU.Build.0 = Release|Any CPU
	EndGlobalSection
	GlobalSection(SolutionProperties) = preSolution
		HideSolutionNode = FALSE
	EndGlobalSection
	GlobalSection(ExtensibilityGlobals) = postSolution
		SolutionGuid = {D34C7941-349B-47C2-86A7-1D0E2FC902BC}
	EndGlobalSection
EndGlobal
